{
  "name": "ZXT",
  "lockfileVersion": 3,
  "requires": true,
  "packages": {
    "": {
      "dependencies": {
        "z-utility": "^1.0.11"
      }
    },
    "node_modules/z-utility": {
      "version": "1.0.11",
      "resolved": "https://registry.npmjs.org/z-utility/-/z-utility-1.0.11.tgz",
      "integrity": "sha512-eCrvY7M9SR7y+e81r8mmnmRYtRDnkigqdsxf29RM9tTDz4AbJOlJzW4sBfRl1WXAVhye27sQweVuG9s5DCRZSw==",
      "license": "ISC"
    }
  }
}
